github.com/aeroideaservices/focus/media/plugin v1.0.3 h1:ntXspYy1RX+t6QVLtG3V5E0LXk/0QXK5v/T938UZ0rY=
github.com/aeroideaservices/focus/media/plugin v1.0.3/go.mod h1:lP8r6ICzV9OAsPyEM86WKMdxqAWH4jO6f4G+nDWpc34=
github.com/aeroideaservices/focus/services/callbacks v1.0.0 h1:MTZn1nMqU5vTitzGqswWGWOoeaFwyBM/tRTR78y2lHo=
github.com/aeroideaservices/focus/services/callbacks v1.0.0/go.mod h1:ijhfnIgW6BVA3dB8F0b+PtnkXwWUiUeSNt6rcBFFASg=
github.com/aeroideaservices/focus/services/errors v1.0.0 h1:glRyq4LCjO18nS+DHWITTvnFs4xNqe3zFyPPbfpjCmw=
github.com/aeroideaservices/focus/services/errors v1.0.0/go.mod h1:ctao2UY13cGFVZBLwWnHvxYeSAexgjI/IdQdogZc0s8=
github.com/davecgh/go-spew v1.1.0/go.mod h1:J7Y8YcW2NihsgmVo/mv3lAwl/skON4iLHjSsI+c5H38=
github.com/davecgh/go-spew v1.1.1 h1:vj9j/u1bqnvCEfJOwUhtlOARqs3+rkHYY13jYWTU97c=
github.com/davecgh/go-spew v1.1.1/go.mod h1:J7Y8YcW2NihsgmVo/mv3lAwl/skON4iLHjSsI+c5H38=
github.com/google/uuid v1.6.0 h1:NIvaJDMOsjHA8n1jAhLSgzrAzy1Hgr+hNrb57e+94F0=
github.com/google/uuid v1.6.0/go.mod h1:TIyPZe4MgqvfeYDBFedMoGGpEw/LqOeaOT+nhxU+yHo=
github.com/jackc/pgpassfile v1.0.0 h1:/6Hmqy13Ss2zCq62VdNG8tM1wchn8zjSGOBJ6icpsIM=
github.com/jackc/pgpassfile v1.0.0/go.mod h1:CEx0iS5ambNFdcRtxPj5JhEz+xB6uRky5eyVu/W2HEg=
github.com/jackc/pgservicefile v0.0.0-20221227161230-091c0ba34f0a h1:bbPeKD0xmW/Y25WS6cokEszi5g+S0QxI/d45PkRi7Nk=
github.com/jackc/pgservicefile v0.0.0-20221227161230-091c0ba34f0a/go.mod h1:5TJZWKEWniPve33vlWYSoGYefn3gLQRzjfDlhSJ9ZKM=
github.com/jackc/pgx/v5 v5.5.5 h1:amBjrZVmksIdNjxGW/IiIMzxMKZFelXbUoPNb+8sjQw=
github.com/jackc/pgx/v5 v5.5.5/go.mod h1:ez9gk+OAat140fv9ErkZDYFWmXLfV+++K0uAOiwgm1A=
github.com/jemzee04/focus/page/plugin v0.0.0-20240506234836-90b4eebd548e h1:e4GaEvKHZMkZSw5YaBBNwXc7XkJBQjGBVRbsGmCiHzk=
github.com/jemzee04/focus/page/plugin v0.0.0-20240506234836-90b4eebd548e/go.mod h1:Edsnhs240jO34G/J1z9VdjSev8p4UV7cIpSJki8Z2kE=
github.com/jemzee04/focus/page/postgres v0.0.0-20240506234836-90b4eebd548e h1:aOFJowBc/FaJ9NWGhSXiGXai0yx4GmR6LzclRZfh2Is=
github.com/jemzee04/focus/page/postgres v0.0.0-20240506234836-90b4eebd548e/go.mod h1:6LzyXXOdr7mK+bVLy9UuOuwhLTVBnyF7ZukP9QnU/Kw=
github.com/jinzhu/inflection v1.0.0 h1:K317FqzuhWc8YvSVlFMCCUb36O/S9MCKRDI7QkRKD/E=
github.com/jinzhu/inflection v1.0.0/go.mod h1:h+uFLlag+Qp1Va5pdKtLDYj+kHp5pxUVkryuEj+Srlc=
github.com/jinzhu/now v1.1.5 h1:/o9tlHleP7gOFmsnYNz3RGnqzefHA47wQpKrrdTIwXQ=
github.com/jinzhu/now v1.1.5/go.mod h1:d3SSVoowX0Lcu0IBviAWJpolVfI5UJVZZ7cO71lE/z8=
github.com/lib/pq v1.10.6 h1:jbk+ZieJ0D7EVGJYpL9QTz7/YW6UHbmdnZWYyK5cdBs=
github.com/lib/pq v1.10.6/go.mod h1:AlVN5x4E4T544tWzH6hKfbfQvm3HdbOxrmggDNAPY9o=
github.com/pkg/errors v0.9.1 h1:FEBLx1zS214owpjy7qsBeixbURkuhQAwrK5UwLGTwt4=
github.com/pkg/errors v0.9.1/go.mod h1:bwawxfHBFNV+L2hUp1rHADufV3IMtnDRdf1r5NINEl0=
github.com/pmezard/go-difflib v1.0.0 h1:4DBwDE0NGyQoBHbLQYPwSUPoCMWR5BEzIk/f1lZbAQM=
github.com/pmezard/go-difflib v1.0.0/go.mod h1:iKH77koFhYxTK1pcRnkKkqfTogsbg7gZNVY4sRDYZ/4=
github.com/sarulabs/di/v2 v2.4.2 h1:A/PDVU41gHYeUbZZKco8dOwPAB2rrFfiwWLJrZsi+h8=
github.com/sarulabs/di/v2 v2.4.2/go.mod h1:trZu4KPwNLE623mBIIsljn1LLkNE6ee/Pk24b7yzSf8=
github.com/stretchr/objx v0.1.0/go.mod h1:HFkY916IF+rwdDfMAkV7OtwuqBVzrE8GR6GFx+wExME=
github.com/stretchr/testify v1.3.0/go.mod h1:M5WIy9Dh21IEIfnGCwXGc5bZfKNJtfHm1UVUgZn+9EI=
github.com/stretchr/testify v1.7.0/go.mod h1:6Fq8oRcR53rry900zMqJjRRixrwX3KX962/h/Wwjteg=
github.com/stretchr/testify v1.8.1 h1:w7B6lhMri9wdJUVmEZPGGhZzrYTPvgJArz7wNPgYKsk=
github.com/stretchr/testify v1.8.1/go.mod h1:w2LPCIKwWwSfY2zedu0+kehJoqGctiVI29o6fzry7u4=
gitlab.aeroidea.ru/internal-projects/focus/forms/plugin v0.1.6 h1:0YXS9UT81ujXSKkpw0OfNdnWf0fpJaEylZrphNhWTu8=
gitlab.aeroidea.ru/internal-projects/focus/forms/plugin v0.1.6/go.mod h1:qs18TXQ8JQUzn0YL9MqAuiE6H9x/D0hm+t08PgUQ/cc=
gitlab.aeroidea.ru/internal-projects/focus/services/callbacks v0.0.0-20230629141952-05b1a3a45f3f h1:orIoqhwPE2HNM6Mwa7LtFAFieU1SI/UpzWM9efHjgfw=
gitlab.aeroidea.ru/internal-projects/focus/services/callbacks v0.0.0-20230629141952-05b1a3a45f3f/go.mod h1:UwgAI7VpavN29qm9DpT57q3cxZnPZCjuTVF5w1n3mnI=
gitlab.aeroidea.ru/internal-projects/focus/services/db/db_types v0.0.7 h1:9RhId7Zf++Fuu6igIsdvzZERr6w1HfuWh7x5FvA24j8=
gitlab.aeroidea.ru/internal-projects/focus/services/db/db_types v0.0.7/go.mod h1:+GO2whkUhnf8EKj8k73wSpYyd4Es/Y0Gq3Ft7tA8jEk=
gitlab.aeroidea.ru/internal-projects/focus/services/errors v0.2.1 h1:yn1zZAywUkHdEcMn+gLzGpkipUJ07V5AQ/xt7R/8SSo=
gitlab.aeroidea.ru/internal-projects/focus/services/errors v0.2.1/go.mod h1:5ZAMKJwVAC6NdZDf/OVJtoYi6Plf9qGC0+YdajhYEyo=
go.uber.org/goleak v1.3.0 h1:2K3zAYmnTNqV73imy9J1T3WC+gmCePx2hEGkimedGto=
go.uber.org/goleak v1.3.0/go.mod h1:CoHD4mav9JJNrW/WLlf7HGZPjdw8EucARQHekz1X6bE=
go.uber.org/multierr v1.10.0 h1:S0h4aNzvfcFsC3dRF1jLoaov7oRaKqRGC/pUEJ2yvPQ=
go.uber.org/multierr v1.10.0/go.mod h1:20+QtiLqy0Nd6FdQB9TLXag12DsQkrbs3htMFfDN80Y=
go.uber.org/zap v1.27.0 h1:aJMhYGrd5QSmlpLMr2MftRKl7t8J8PTZPA732ud/XR8=
go.uber.org/zap v1.27.0/go.mod h1:GB2qFLM7cTU87MWRP2mPIjqfIDnGu+VIO4V/SdhGo2E=
golang.org/x/crypto v0.17.0 h1:r8bRNjWL3GshPW3gkd+RpvzWrZAwPS49OmTGZ/uhM4k=
golang.org/x/crypto v0.17.0/go.mod h1:gCAAfMLgwOJRpTjQ2zCCt2OcSfYMTeZVSRtQlPC7Nq4=
golang.org/x/exp v0.0.0-20230522175609-2e198f4a06a1 h1:k/i9J1pBpvlfR+9QsetwPyERsqu1GIbi967PQMq3Ivc=
golang.org/x/exp v0.0.0-20230522175609-2e198f4a06a1/go.mod h1:V1LtkGg67GoY2N1AnLN78QLrzxkLyJw7RJb1gzOOz9w=
golang.org/x/text v0.14.0 h1:ScX5w1eTa3QqT8oi6+ziP7dTV1S2+ALU0bI+0zXKWiQ=
golang.org/x/text v0.14.0/go.mod h1:18ZOQIKpY8NJVqYksKHtTdi31H5itFRjB5/qKTNYzSU=
gopkg.in/check.v1 v0.0.0-20161208181325-20d25e280405/go.mod h1:Co6ibVJAznAaIkqp8huTwlJQCZ016jof/cbN4VW5Yz0=
gopkg.in/yaml.v3 v3.0.0-20200313102051-9f266ea9e77c/go.mod h1:K4uyk7z7BCEPqu6E+C64Yfv1cQ7kz7rIZviUmN+EgEM=
gopkg.in/yaml.v3 v3.0.1 h1:fxVm/GzAzEWqLHuvctI91KS9hhNmmWOoWu0XTYJS7CA=
gopkg.in/yaml.v3 v3.0.1/go.mod h1:K4uyk7z7BCEPqu6E+C64Yfv1cQ7kz7rIZviUmN+EgEM=
gorm.io/gorm v1.25.10 h1:dQpO+33KalOA+aFYGlK+EfxcI5MbO7EP2yYygwh9h+s=
gorm.io/gorm v1.25.10/go.mod h1:hbnx/Oo0ChWMn1BIhpy1oYozzpM15i4YPuHDmfYtwg8=
