github.com/aws/aws-sdk-go-v2 v1.16.6 h1:kzafGZYwkwVgLZ2zEX7P+vTwLli6uIMXF8aGjunN6UI=
github.com/aws/aws-sdk-go-v2 v1.16.6/go.mod h1:6CpKuLXg2w7If3ABZCl/qZ6rEgwtjZTn4eAf4RcEyuw=
github.com/aws/aws-sdk-go-v2/aws/protocol/eventstream v1.4.3 h1:S/ZBwevQkr7gv5YxONYpGQxlMFFYSRfz3RMcjsC9Qhk=
github.com/aws/aws-sdk-go-v2/aws/protocol/eventstream v1.4.3/go.mod h1:gNsR5CaXKmQSSzrmGxmwmct/r+ZBfbxorAuXYsj/M5Y=
github.com/aws/aws-sdk-go-v2/internal/configsources v1.1.13 h1:WuQ1yGs3TMJgxpGVLspcsU/5q1omSA0SG6Cu0yZ4jkM=
github.com/aws/aws-sdk-go-v2/internal/configsources v1.1.13/go.mod h1:wLLesU+LdMZDM3U0PP9vZXJW39zmD/7L4nY2pSrYZ/g=
github.com/aws/aws-sdk-go-v2/internal/endpoints/v2 v2.4.7 h1:mCeDDYeDXp3loo/xKi7nkx34eeh7q3n1mUBtzptsj8c=
github.com/aws/aws-sdk-go-v2/internal/endpoints/v2 v2.4.7/go.mod h1:93Uot80ddyVzSl//xEJreNKMhxntr71WtR3v/A1cRYk=
github.com/aws/aws-sdk-go-v2/internal/v4a v1.0.4 h1:wusoY1MJ9JNrPoX3n4kxY4MTIUivCiXvTYQbYh59yxs=
github.com/aws/aws-sdk-go-v2/internal/v4a v1.0.4/go.mod h1:cHTMyJVEXRUZ25f8V+pq6CAwoYARarJRFGf3XH4eIxE=
github.com/aws/aws-sdk-go-v2/service/internal/accept-encoding v1.9.3 h1:4n4KCtv5SUoT5Er5XV41huuzrCqepxlW3SDI9qHQebc=
github.com/aws/aws-sdk-go-v2/service/internal/accept-encoding v1.9.3/go.mod h1:gkb2qADY+OHaGLKNTYxMaQNacfeyQpZ4csDTQMeFmcw=
github.com/aws/aws-sdk-go-v2/service/internal/checksum v1.1.8 h1:BzBekDihMMeBexBhdK7xS3AIh2Jg/mECyLWO5RRwwHY=
github.com/aws/aws-sdk-go-v2/service/internal/checksum v1.1.8/go.mod h1:a1BSeQI9IVr1j5Dwn73cdAKi4MdizTaV9YovUaHefGI=
github.com/aws/aws-sdk-go-v2/service/internal/presigned-url v1.9.7 h1:M7/BzQNsu0XXiJRe3gUn8UA8tExF6kLMAfvo5PT/KJY=
github.com/aws/aws-sdk-go-v2/service/internal/presigned-url v1.9.7/go.mod h1:HvVdEh/x4jsPBsjNvDy+MH3CDCPy4gTZEzFe2r4uJY8=
github.com/aws/aws-sdk-go-v2/service/internal/s3shared v1.13.7 h1:imb0NhTQZaTDSAQvgFyiZbKTwl0F+AkZL1ZNoEHtuQc=
github.com/aws/aws-sdk-go-v2/service/internal/s3shared v1.13.7/go.mod h1:V952z/yIT247sKya+CB+Ls3sxpB9jeBj5TkLraCGKGU=
github.com/aws/aws-sdk-go-v2/service/s3 v1.27.0 h1:ZCjVO28Xlr2zmPSp+xON/0Mw2HgnLOmR/MHILnx4ZTI=
github.com/aws/aws-sdk-go-v2/service/s3 v1.27.0/go.mod h1:eas8WnpTDJtCvEjRXAINFuox9TmEGeevxiUKEKv2tQ8=
github.com/aws/smithy-go v1.12.0 h1:gXpeZel/jPoWQ7OEmLIgCUnhkFftqNfwWUwAHSlp1v0=
github.com/aws/smithy-go v1.12.0/go.mod h1:Tg+OJXh4MB2R/uN61Ko2f6hTZwB/ZYGOtib8J3gBHzA=
github.com/benbjohnson/clock v1.1.0 h1:Q92kusRqC1XV2MjkWETPvjJVqKetz1OzxZB7mHJLju8=
github.com/davecgh/go-spew v1.1.0/go.mod h1:J7Y8YcW2NihsgmVo/mv3lAwl/skON4iLHjSsI+c5H38=
github.com/davecgh/go-spew v1.1.1 h1:vj9j/u1bqnvCEfJOwUhtlOARqs3+rkHYY13jYWTU97c=
github.com/davecgh/go-spew v1.1.1/go.mod h1:J7Y8YcW2NihsgmVo/mv3lAwl/skON4iLHjSsI+c5H38=
github.com/google/go-cmp v0.5.8 h1:e6P7q2lk1O+qJJb4BtCQXlK8vWEO8V1ZeuEdJNOqZyg=
github.com/google/go-cmp v0.5.8/go.mod h1:17dUlkBOakJ0+DkrSSNjCkIjxS6bF9zb3elmeNGIjoY=
github.com/google/gofuzz v1.0.0/go.mod h1:dBl0BpW6vV/+mYPU4Po3pmUjxk6FQPldtuIdl/M65Eg=
github.com/google/uuid v1.3.0 h1:t6JiXgmwXMjEs8VusXIJk2BXHsn+wx8BZdTaoZ5fu7I=
github.com/google/uuid v1.3.0/go.mod h1:TIyPZe4MgqvfeYDBFedMoGGpEw/LqOeaOT+nhxU+yHo=
github.com/jmespath/go-jmespath v0.4.0/go.mod h1:T8mJZnbsbmF+m6zOOFylbeCJqk5+pHWvzYPziyZiYoo=
github.com/jmespath/go-jmespath/internal/testify v1.5.1/go.mod h1:L3OGu8Wl2/fWfCI6z80xFu9LTZmf1ZRjMHUOPmWr69U=
github.com/json-iterator/go v1.1.12 h1:PV8peI4a0ysnczrg+LtxykD8LfKY9ML6u2jnxaEnrnM=
github.com/json-iterator/go v1.1.12/go.mod h1:e30LSqwooZae/UwlEbR2852Gd8hjQvJoHmT4TnhNGBo=
github.com/modern-go/concurrent v0.0.0-20180228061459-e0a39a4cb421 h1:ZqeYNhU3OHLH3mGKHDcjJRFFRrJa6eAM5H+CtDdOsPc=
github.com/modern-go/concurrent v0.0.0-20180228061459-e0a39a4cb421/go.mod h1:6dJC0mAP4ikYIbvyc7fijjWJddQyLn8Ig3JB5CqoB9Q=
github.com/modern-go/reflect2 v1.0.2 h1:xBagoLtFs94CBntxluKeaWgTMpvLxC4ur3nMaC9Gz0M=
github.com/modern-go/reflect2 v1.0.2/go.mod h1:yWuevngMOJpCy52FWWMvUC8ws7m/LJsjYzDa0/r8luk=
github.com/pkg/errors v0.9.1 h1:FEBLx1zS214owpjy7qsBeixbURkuhQAwrK5UwLGTwt4=
github.com/pkg/errors v0.9.1/go.mod h1:bwawxfHBFNV+L2hUp1rHADufV3IMtnDRdf1r5NINEl0=
github.com/pmezard/go-difflib v1.0.0 h1:4DBwDE0NGyQoBHbLQYPwSUPoCMWR5BEzIk/f1lZbAQM=
github.com/pmezard/go-difflib v1.0.0/go.mod h1:iKH77koFhYxTK1pcRnkKkqfTogsbg7gZNVY4sRDYZ/4=
github.com/sarulabs/di/v2 v2.4.2 h1:A/PDVU41gHYeUbZZKco8dOwPAB2rrFfiwWLJrZsi+h8=
github.com/sarulabs/di/v2 v2.4.2/go.mod h1:trZu4KPwNLE623mBIIsljn1LLkNE6ee/Pk24b7yzSf8=
github.com/stretchr/objx v0.1.0/go.mod h1:HFkY916IF+rwdDfMAkV7OtwuqBVzrE8GR6GFx+wExME=
github.com/stretchr/testify v1.3.0/go.mod h1:M5WIy9Dh21IEIfnGCwXGc5bZfKNJtfHm1UVUgZn+9EI=
github.com/stretchr/testify v1.8.0 h1:pSgiaMZlXftHpm5L7V1+rVB+AZJydKsMxsQBIJw4PKk=
github.com/aeroideaservices/focus/models/plugin v0.0.0-20230516121259-29d18764dbae h1:ymKtbqQmgQMfDAndmu6JrS5rbm2YQTRjdda9gTn4XNE=
github.com/aeroideaservices/focus/models/plugin v0.0.0-20230516121259-29d18764dbae/go.mod h1:UEdEMIJ5pDLzUUlp7YPRQc9FHHXfTggxJHkGrbMBiPY=
github.com/aeroideaservices/focus/services/errors v0.1.6 h1:5DlLcAm1UcFRZrC60bu/3p8rofiy19rUy9aAQOVBKcs=
github.com/aeroideaservices/focus/services/errors v0.1.6/go.mod h1:Q7yUKXD5XGQwsKuvx+4+bgqrLDTBYqUfVmjiJm/qyU0=
github.com/aeroideaservices/focus/services/formatting/strings v0.0.0-20230331082215-1fa5b4db2110 h1:5HPonLzq4yEA6EnX46IxsP4s4dJoXJ56sq8SrpzN7I8=
github.com/aeroideaservices/focus/services/formatting/strings v0.0.0-20230331082215-1fa5b4db2110/go.mod h1:2F9cg1pmeBzHRRR819TzAivMlfJIlGklwwKt2tSbnb4=
go.uber.org/atomic v1.7.0 h1:ADUqmZGgLDDfbSL9ZmPxKTybcoEYHgpYfELNoN+7hsw=
go.uber.org/atomic v1.7.0/go.mod h1:fEN4uk6kAWBTFdckzkM89CLk9XfWZrxpCo0nPH17wJc=
go.uber.org/goleak v1.1.11 h1:wy28qYRKZgnJTxGxvye5/wgWr1EKjmUDGYox5mGlRlI=
go.uber.org/multierr v1.6.0 h1:y6IPFStTAIT5Ytl7/XYmHvzXQ7S3g/IeZW9hyZ5thw4=
go.uber.org/multierr v1.6.0/go.mod h1:cdWPpRnG4AhwMwsgIHip0KRBQjJy5kYEpYjJxpXp9iU=
go.uber.org/zap v1.24.0 h1:FiJd5l1UOLj0wCgbSE0rwwXHzEdAZS6hiiSnxJN/D60=
go.uber.org/zap v1.24.0/go.mod h1:2kMP+WWQ8aoFoedH3T2sq6iJ2yDWpHbP0f6MQbS9Gkg=
golang.org/x/exp v0.0.0-20230321023759-10a507213a29 h1:ooxPy7fPvB4kwsA2h+iBNHkAbp/4JxTSwCmvdjEYmug=
golang.org/x/exp v0.0.0-20230321023759-10a507213a29/go.mod h1:CxIveKay+FTh1D0yPZemJVgC/95VzuuOLq5Qi4xnoYc=
golang.org/x/text v0.3.8 h1:nAL+RVCQ9uMn3vJZbV+MRnydTJFPf8qqY42YiA6MrqY=
golang.org/x/text v0.3.8/go.mod h1:E6s5w1FMmriuDzIBO73fBruAKo1PCIq6d2Q6DHfQ8WQ=
gopkg.in/check.v1 v0.0.0-20161208181325-20d25e280405/go.mod h1:Co6ibVJAznAaIkqp8huTwlJQCZ016jof/cbN4VW5Yz0=
gopkg.in/yaml.v2 v2.2.8/go.mod h1:hI93XBmqTisBFMUTm0b8Fm+jr3Dg1NNxqwp+5A1VGuI=
gopkg.in/yaml.v3 v3.0.1 h1:fxVm/GzAzEWqLHuvctI91KS9hhNmmWOoWu0XTYJS7CA=
